
Microsoft Visual Studio Solution File, Format Version 12.00
# Visual Studio Version 17
VisualStudioVersion = 17.3.32929.385
MinimumVisualStudioVersion = 10.0.40219.1
Project("{FAE04EC0-301F-11D3-BF4B-00C04F79EFBC}") = "Azimuth", "Azimuth\Azimuth.csproj", "{49AE101E-5578-42F7-9DD6-CFEBC998F6D5}"
EndProject
Project("{FAE04EC0-301F-11D3-BF4B-00C04F79EFBC}") = "Azimuth-Test", "Azimuth-Test\Azimuth-Test.csproj", "{D3B6520B-E316-4E0F-BF94-CA100CA723E5}"
EndProject
Global
	GlobalSection(SolutionConfigurationPlatforms) = preSolution
		Debug|Any CPU = Debug|Any CPU
		Release|Any CPU = Release|Any CPU
	EndGlobalSection
	GlobalSection(ProjectConfigurationPlatforms) = postSolution
		{49AE101E-5578-42F7-9DD6-CFEBC998F6D5}.Debug|Any CPU.ActiveCfg = Debug|Any CPU
		{49AE101E-5578-42F7-9DD6-CFEBC998F6D5}.Debug|Any CPU.Build.0 = Debug|Any CPU
		{49AE101E-5578-42F7-9DD6-CFEBC998F6D5}.Release|Any CPU.ActiveCfg = Release|Any CPU
		{49AE101E-5578-42F7-9DD6-CFEBC998F6D5}.Release|Any CPU.Build.0 = Release|Any CPU
		{D3B6520B-E316-4E0F-BF94-CA100CA723E5}.Debug|Any CPU.ActiveCfg = Debug|Any CPU
		{D3B6520B-E316-4E0F-BF94-CA100CA723E5}.Debug|Any CPU.Build.0 = Debug|Any CPU
		{D3B6520B-E316-4E0F-BF94-CA100CA723E5}.Release|Any CPU.ActiveCfg = Release|Any CPU
		{D3B6520B-E316-4E0F-BF94-CA100CA723E5}.Release|Any CPU.Build.0 = Release|Any CPU
	EndGlobalSection
	GlobalSection(SolutionProperties) = preSolution
		HideSolutionNode = FALSE
	EndGlobalSection
	GlobalSection(ExtensibilityGlobals) = postSolution
		SolutionGuid = {4F23C035-3A2B-4B1A-85EA-97F244287F0F}
	EndGlobalSection
EndGlobal
